<?xml version="1.0" encoding="utf-8"?>
<Project ToolsVersion="4.0" xmlns="http://schemas.microsoft.com/developer/msbuild/2003">
  <ItemGroup>
    <Filter Include="Rebelle">
      <UniqueIdentifier>{20B8A69E-8C97-253A-95AF-B010010E8C9B}</UniqueIdentifier>
    </Filter>
    <Filter Include="Rebelle\Events">
      <UniqueIdentifier>{0400988C-F0CD-8B92-D961-FCB8C5CE67F7}</UniqueIdentifier>
    </Filter>
  </ItemGroup>
  <ItemGroup>
    <ClInclude Include="src\Rebelle.h" />
    <ClInclude Include="src\Rebelle\Application.h">
      <Filter>Rebelle</Filter>
    </ClInclude>
    <ClInclude Include="src\Rebelle\Core.h">
      <Filter>Rebelle</Filter>
    </ClInclude>
    <ClInclude Include="src\Rebelle\EntryPoint.h">
      <Filter>Rebelle</Filter>
    </ClInclude>
    <ClInclude Include="src\Rebelle\Events\ApplicationEvent.h">
      <Filter>Rebelle\Events</Filter>
    </ClInclude>
    <ClInclude Include="src\Rebelle\Events\Event.h">
      <Filter>Rebelle\Events</Filter>
    </ClInclude>
    <ClInclude Include="src\Rebelle\Events\KeyEvent.h">
      <Filter>Rebelle\Events</Filter>
    </ClInclude>
    <ClInclude Include="src\Rebelle\Events\MouseEvent.h">
      <Filter>Rebelle\Events</Filter>
    </ClInclude>
    <ClInclude Include="src\Rebelle\Log.h">
      <Filter>Rebelle</Filter>
    </ClInclude>
    <ClInclude Include="src\rblpch.h" />
  </ItemGroup>
  <ItemGroup>
    <ClCompile Include="src\Rebelle\Application.cpp">
      <Filter>Rebelle</Filter>
    </ClCompile>
    <ClCompile Include="src\Rebelle\Log.cpp">
      <Filter>Rebelle</Filter>
    </ClCompile>
    <ClCompile Include="src\rblpch.cpp" />
  </ItemGroup>
</Project>